
Microsoft Visual Studio Solution File, Format Version 12.00
# Visual Studio 15
VisualStudioVersion = 15.0.26124.0
MinimumVisualStudioVersion = 15.0.26124.0
Project("{2150E333-8FDC-42A3-9474-1A3956D46DE8}") = "src", "src", "{6691D0A2-E5E1-4820-B72E-727BBB23274F}"
EndProject
Project("{F2A71F9B-5D33-465A-A702-920D77279786}") = "Library", "src\Library\Library.fsproj", "{3863435A-3065-448E-B933-B3DAF62A0174}"
EndProject
Project("{F2A71F9B-5D33-465A-A702-920D77279786}") = "App", "src\App\App.fsproj", "{F70E5032-5306-43BA-83C0-9030CE2CBED9}"
EndProject
Project("{F2A71F9B-5D33-465A-A702-920D77279786}") = "Library.Tests", "src\Library.Tests\Library.Tests.fsproj", "{94C9F71F-495C-43F6-8285-5A011463907E}"
EndProject
Global
	GlobalSection(SolutionConfigurationPlatforms) = preSolution
		Debug|Any CPU = Debug|Any CPU
		Debug|x64 = Debug|x64
		Debug|x86 = Debug|x86
		Release|Any CPU = Release|Any CPU
		Release|x64 = Release|x64
		Release|x86 = Release|x86
	EndGlobalSection
	GlobalSection(SolutionProperties) = preSolution
		HideSolutionNode = FALSE
	EndGlobalSection
	GlobalSection(ProjectConfigurationPlatforms) = postSolution
		{3863435A-3065-448E-B933-B3DAF62A0174}.Debug|Any CPU.ActiveCfg = Debug|Any CPU
		{3863435A-3065-448E-B933-B3DAF62A0174}.Debug|Any CPU.Build.0 = Debug|Any CPU
		{3863435A-3065-448E-B933-B3DAF62A0174}.Debug|x64.ActiveCfg = Debug|Any CPU
		{3863435A-3065-448E-B933-B3DAF62A0174}.Debug|x64.Build.0 = Debug|Any CPU
		{3863435A-3065-448E-B933-B3DAF62A0174}.Debug|x86.ActiveCfg = Debug|Any CPU
		{3863435A-3065-448E-B933-B3DAF62A0174}.Debug|x86.Build.0 = Debug|Any CPU
		{3863435A-3065-448E-B933-B3DAF62A0174}.Release|Any CPU.ActiveCfg = Release|Any CPU
		{3863435A-3065-448E-B933-B3DAF62A0174}.Release|Any CPU.Build.0 = Release|Any CPU
		{3863435A-3065-448E-B933-B3DAF62A0174}.Release|x64.ActiveCfg = Release|Any CPU
		{3863435A-3065-448E-B933-B3DAF62A0174}.Release|x64.Build.0 = Release|Any CPU
		{3863435A-3065-448E-B933-B3DAF62A0174}.Release|x86.ActiveCfg = Release|Any CPU
		{3863435A-3065-448E-B933-B3DAF62A0174}.Release|x86.Build.0 = Release|Any CPU
		{F70E5032-5306-43BA-83C0-9030CE2CBED9}.Debug|Any CPU.ActiveCfg = Debug|Any CPU
		{F70E5032-5306-43BA-83C0-9030CE2CBED9}.Debug|Any CPU.Build.0 = Debug|Any CPU
		{F70E5032-5306-43BA-83C0-9030CE2CBED9}.Debug|x64.ActiveCfg = Debug|Any CPU
		{F70E5032-5306-43BA-83C0-9030CE2CBED9}.Debug|x64.Build.0 = Debug|Any CPU
		{F70E5032-5306-43BA-83C0-9030CE2CBED9}.Debug|x86.ActiveCfg = Debug|Any CPU
		{F70E5032-5306-43BA-83C0-9030CE2CBED9}.Debug|x86.Build.0 = Debug|Any CPU
		{F70E5032-5306-43BA-83C0-9030CE2CBED9}.Release|Any CPU.ActiveCfg = Release|Any CPU
		{F70E5032-5306-43BA-83C0-9030CE2CBED9}.Release|Any CPU.Build.0 = Release|Any CPU
		{F70E5032-5306-43BA-83C0-9030CE2CBED9}.Release|x64.ActiveCfg = Release|Any CPU
		{F70E5032-5306-43BA-83C0-9030CE2CBED9}.Release|x64.Build.0 = Release|Any CPU
		{F70E5032-5306-43BA-83C0-9030CE2CBED9}.Release|x86.ActiveCfg = Release|Any CPU
		{F70E5032-5306-43BA-83C0-9030CE2CBED9}.Release|x86.Build.0 = Release|Any CPU
		{94C9F71F-495C-43F6-8285-5A011463907E}.Debug|Any CPU.ActiveCfg = Debug|Any CPU
		{94C9F71F-495C-43F6-8285-5A011463907E}.Debug|Any CPU.Build.0 = Debug|Any CPU
		{94C9F71F-495C-43F6-8285-5A011463907E}.Debug|x64.ActiveCfg = Debug|Any CPU
		{94C9F71F-495C-43F6-8285-5A011463907E}.Debug|x64.Build.0 = Debug|Any CPU
		{94C9F71F-495C-43F6-8285-5A011463907E}.Debug|x86.ActiveCfg = Debug|Any CPU
		{94C9F71F-495C-43F6-8285-5A011463907E}.Debug|x86.Build.0 = Debug|Any CPU
		{94C9F71F-495C-43F6-8285-5A011463907E}.Release|Any CPU.ActiveCfg = Release|Any CPU
		{94C9F71F-495C-43F6-8285-5A011463907E}.Release|Any CPU.Build.0 = Release|Any CPU
		{94C9F71F-495C-43F6-8285-5A011463907E}.Release|x64.ActiveCfg = Release|Any CPU
		{94C9F71F-495C-43F6-8285-5A011463907E}.Release|x64.Build.0 = Release|Any CPU
		{94C9F71F-495C-43F6-8285-5A011463907E}.Release|x86.ActiveCfg = Release|Any CPU
		{94C9F71F-495C-43F6-8285-5A011463907E}.Release|x86.Build.0 = Release|Any CPU
	EndGlobalSection
	GlobalSection(NestedProjects) = preSolution
		{3863435A-3065-448E-B933-B3DAF62A0174} = {6691D0A2-E5E1-4820-B72E-727BBB23274F}
		{F70E5032-5306-43BA-83C0-9030CE2CBED9} = {6691D0A2-E5E1-4820-B72E-727BBB23274F}
		{94C9F71F-495C-43F6-8285-5A011463907E} = {6691D0A2-E5E1-4820-B72E-727BBB23274F}
	EndGlobalSection
EndGlobal
